// !$*UTF8*$!
{
	archiveVersion = 1;
	classes = {
	};
	objectVersion = 46;
	objects = {

/* Begin PBXBuildFile section */
		785B11B019E659890083708F /* AppDelegate.swift in Sources */ = {isa = PBXBuildFile; fileRef = 785B11AF19E659890083708F /* AppDelegate.swift */; };
		785B11B219E659890083708F /* MapController.swift in Sources */ = {isa = PBXBuildFile; fileRef = 785B11B119E659890083708F /* MapController.swift */; };
		785B11B519E659890083708F /* Main.storyboard in Resources */ = {isa = PBXBuildFile; fileRef = 785B11B319E659890083708F /* Main.storyboard */; };
		785B11B719E659890083708F /* Images.xcassets in Resources */ = {isa = PBXBuildFile; fileRef = 785B11B619E659890083708F /* Images.xcassets */; };
		785B11D619E65BBD0083708F /* Nuti.framework in Frameworks */ = {isa = PBXBuildFile; fileRef = 785B11D519E65BBD0083708F /* Nuti.framework */; };
		785B11D819E65C640083708F /* libz.dylib in Frameworks */ = {isa = PBXBuildFile; fileRef = 785B11D719E65C640083708F /* libz.dylib */; };
/* End PBXBuildFile section */

/* Begin PBXFileReference section */
		785B11AA19E659890083708F /* hellomap3d-ios-swift.app */ = {isa = PBXFileReference; explicitFileType = wrapper.application; includeInIndex = 0; path = "hellomap3d-ios-swift.app"; sourceTree = BUILT_PRODUCTS_DIR; };
		785B11AE19E659890083708F /* Info.plist */ = {isa = PBXFileReference; lastKnownFileType = text.plist.xml; path = Info.plist; sourceTree = "<group>"; };
		785B11AF19E659890083708F /* AppDelegate.swift */ = {isa = PBXFileReference; lastKnownFileType = sourcecode.swift; path = AppDelegate.swift; sourceTree = "<group>"; };
		785B11B119E659890083708F /* MapController.swift */ = {isa = PBXFileReference; lastKnownFileType = sourcecode.swift; path = MapController.swift; sourceTree = "<group>"; };
		785B11B419E659890083708F /* Base */ = {isa = PBXFileReference; lastKnownFileType = file.storyboard; name = Base; path = Base.lproj/Main.storyboard; sourceTree = "<group>"; };
		785B11B619E659890083708F /* Images.xcassets */ = {isa = PBXFileReference; lastKnownFileType = folder.assetcatalog; path = Images.xcassets; sourceTree = "<group>"; };
		785B11D119E65A850083708F /* hellomap3d-ios-swift-Bridging-Header.h */ = {isa = PBXFileReference; lastKnownFileType = sourcecode.c.h; path = "hellomap3d-ios-swift-Bridging-Header.h"; sourceTree = "<group>"; };
		785B11D519E65BBD0083708F /* Nuti.framework */ = {isa = PBXFileReference; lastKnownFileType = wrapper.framework; path = Nuti.framework; sourceTree = "<group>"; };
		785B11D719E65C640083708F /* libz.dylib */ = {isa = PBXFileReference; lastKnownFileType = "compiled.mach-o.dylib"; name = libz.dylib; path = usr/lib/libz.dylib; sourceTree = SDKROOT; };
/* End PBXFileReference section */

/* Begin PBXFrameworksBuildPhase section */
		785B11A719E659890083708F /* Frameworks */ = {
			isa = PBXFrameworksBuildPhase;
			buildActionMask = 2147483647;
			files = (
				785B11D819E65C640083708F /* libz.dylib in Frameworks */,
				785B11D619E65BBD0083708F /* Nuti.framework in Frameworks */,
			);
			runOnlyForDeploymentPostprocessing = 0;
		};
/* End PBXFrameworksBuildPhase section */

/* Begin PBXGroup section */
		785B11A119E659880083708F = {
			isa = PBXGroup;
			children = (
				785B11D719E65C640083708F /* libz.dylib */,
				785B11D519E65BBD0083708F /* Nuti.framework */,
				785B11AC19E659890083708F /* hellomap3d-ios-swift */,
				785B11AB19E659890083708F /* Products */,
				785B11D119E65A850083708F /* hellomap3d-ios-swift-Bridging-Header.h */,
			);
			sourceTree = "<group>";
		};
		785B11AB19E659890083708F /* Products */ = {
			isa = PBXGroup;
			children = (
				785B11AA19E659890083708F /* hellomap3d-ios-swift.app */,
			);
			name = Products;
			sourceTree = "<group>";
		};
		785B11AC19E659890083708F /* hellomap3d-ios-swift */ = {
			isa = PBXGroup;
			children = (
				785B11AF19E659890083708F /* AppDelegate.swift */,
				785B11B119E659890083708F /* MapController.swift */,
				785B11B319E659890083708F /* Main.storyboard */,
				785B11B619E659890083708F /* Images.xcassets */,
				785B11AD19E659890083708F /* Supporting Files */,
			);
			path = "hellomap3d-ios-swift";
			sourceTree = "<group>";
		};
		785B11AD19E659890083708F /* Supporting Files */ = {
			isa = PBXGroup;
			children = (
				785B11AE19E659890083708F /* Info.plist */,
			);
			name = "Supporting Files";
			sourceTree = "<group>";
		};
/* End PBXGroup section */

/* Begin PBXNativeTarget section */
		785B11A919E659890083708F /* hellomap3d-ios-swift */ = {
			isa = PBXNativeTarget;
			buildConfigurationList = 785B11C919E659890083708F /* Build configuration list for PBXNativeTarget "hellomap3d-ios-swift" */;
			buildPhases = (
				785B11A619E659890083708F /* Sources */,
				785B11A719E659890083708F /* Frameworks */,
				785B11A819E659890083708F /* Resources */,
			);
			buildRules = (
			);
			dependencies = (
			);
			name = "hellomap3d-ios-swift";
			productName = "hellomap3d-ios-swift";
			productReference = 785B11AA19E659890083708F /* hellomap3d-ios-swift.app */;
			productType = "com.apple.product-type.application";
		};
/* End PBXNativeTarget section */

/* Begin PBXProject section */
		785B11A219E659890083708F /* Project object */ = {
			isa = PBXProject;
			attributes = {
				LastUpgradeCheck = 0600;
				ORGANIZATIONNAME = "ooo its";
				TargetAttributes = {
					785B11A919E659890083708F = {
						CreatedOnToolsVersion = 6.0.1;
					};
				};
			};
			buildConfigurationList = 785B11A519E659890083708F /* Build configuration list for PBXProject "hellomap3d-ios-swift" */;
			compatibilityVersion = "Xcode 3.2";
			developmentRegion = English;
			hasScannedForEncodings = 0;
			knownRegions = (
				en,
				Base,
			);
			mainGroup = 785B11A119E659880083708F;
			productRefGroup = 785B11AB19E659890083708F /* Products */;
			projectDirPath = "";
			projectRoot = "";
			targets = (
				785B11A919E659890083708F /* hellomap3d-ios-swift */,
			);
		};
/* End PBXProject section */

/* Begin PBXResourcesBuildPhase section */
		785B11A819E659890083708F /* Resources */ = {
			isa = PBXResourcesBuildPhase;
			buildActionMask = 2147483647;
			files = (
				785B11B519E659890083708F /* Main.storyboard in Resources */,
				785B11B719E659890083708F /* Images.xcassets in Resources */,
			);
			runOnlyForDeploymentPostprocessing = 0;
		};
/* End PBXResourcesBuildPhase section */

/* Begin PBXSourcesBuildPhase section */
		785B11A619E659890083708F /* Sources */ = {
			isa = PBXSourcesBuildPhase;
			buildActionMask = 2147483647;
			files = (
				785B11B219E659890083708F /* MapController.swift in Sources */,
				785B11B019E659890083708F /* AppDelegate.swift in Sources */,
			);
			runOnlyForDeploymentPostprocessing = 0;
		};
/* End PBXSourcesBuildPhase section */

/* Begin PBXVariantGroup section */
		785B11B319E659890083708F /* Main.storyboard */ = {
			isa = PBXVariantGroup;
			children = (
				785B11B419E659890083708F /* Base */,
			);
			name = Main.storyboard;
			sourceTree = "<group>";
		};
/* End PBXVariantGroup section */

/* Begin XCBuildConfiguration section */
		785B11C719E659890083708F /* Debug */ = {
			isa = XCBuildConfiguration;
			buildSettings = {
				ALWAYS_SEARCH_USER_PATHS = NO;
				CLANG_CXX_LANGUAGE_STANDARD = "gnu++0x";
				CLANG_CXX_LIBRARY = "libc++";
				CLANG_ENABLE_MODULES = YES;
				CLANG_ENABLE_OBJC_ARC = YES;
				CLANG_WARN_BOOL_CONVERSION = YES;
				CLANG_WARN_CONSTANT_CONVERSION = YES;
				CLANG_WARN_DIRECT_OBJC_ISA_USAGE = YES_ERROR;
				CLANG_WARN_EMPTY_BODY = YES;
				CLANG_WARN_ENUM_CONVERSION = YES;
				CLANG_WARN_INT_CONVERSION = YES;
				CLANG_WARN_OBJC_ROOT_CLASS = YES_ERROR;
				CLANG_WARN_UNREACHABLE_CODE = YES;
				CLANG_WARN__DUPLICATE_METHOD_MATCH = YES;
				"CODE_SIGN_IDENTITY[sdk=iphoneos*]" = "iPhone Developer";
				COPY_PHASE_STRIP = NO;
				ENABLE_STRICT_OBJC_MSGSEND = YES;
				GCC_C_LANGUAGE_STANDARD = gnu99;
				GCC_DYNAMIC_NO_PIC = NO;
				GCC_OPTIMIZATION_LEVEL = 0;
				GCC_PREPROCESSOR_DEFINITIONS = (
					"DEBUG=1",
					"$(inherited)",
				);
				GCC_SYMBOLS_PRIVATE_EXTERN = NO;
				GCC_WARN_64_TO_32_BIT_CONVERSION = YES;
				GCC_WARN_ABOUT_RETURN_TYPE = YES_ERROR;
				GCC_WARN_UNDECLARED_SELECTOR = YES;
				GCC_WARN_UNINITIALIZED_AUTOS = YES_AGGRESSIVE;
				GCC_WARN_UNUSED_FUNCTION = YES;
				GCC_WARN_UNUSED_VARIABLE = YES;
				IPHONEOS_DEPLOYMENT_TARGET = 8.0;
				MTL_ENABLE_DEBUG_INFO = YES;
				ONLY_ACTIVE_ARCH = YES;
				SDKROOT = iphoneos;
				SWIFT_OPTIMIZATION_LEVEL = "-Onone";
				TARGETED_DEVICE_FAMILY = "1,2";
			};
			name = Debug;
		};
		785B11C819E659890083708F /* Release */ = {
			isa = XCBuildConfiguration;
			buildSettings = {
				ALWAYS_SEARCH_USER_PATHS = NO;
				CLANG_CXX_LANGUAGE_STANDARD = "gnu++0x";
				CLANG_CXX_LIBRARY = "libc++";
				CLANG_ENABLE_MODULES = YES;
				CLANG_ENABLE_OBJC_ARC = YES;
				CLANG_WARN_BOOL_CONVERSION = YES;
				CLANG_WARN_CONSTANT_CONVERSION = YES;
				CLANG_WARN_DIRECT_OBJC_ISA_USAGE = YES_ERROR;
				CLANG_WARN_EMPTY_BODY = YES;
				CLANG_WARN_ENUM_CONVERSION = YES;
				CLANG_WARN_INT_CONVERSION = YES;
				CLANG_WARN_OBJC_ROOT_CLASS = YES_ERROR;
				CLANG_WARN_UNREACHABLE_CODE = YES;
				CLANG_WARN__DUPLICATE_METHOD_MATCH = YES;
				"CODE_SIGN_IDENTITY[sdk=iphoneos*]" = "iPhone Developer";
				COPY_PHASE_STRIP = YES;
				ENABLE_NS_ASSERTIONS = NO;
				ENABLE_STRICT_OBJC_MSGSEND = YES;
				GCC_C_LANGUAGE_STANDARD = gnu99;
				GCC_WARN_64_TO_32_BIT_CONVERSION = YES;
				GCC_WARN_ABOUT_RETURN_TYPE = YES_ERROR;
				GCC_WARN_UNDECLARED_SELECTOR = YES;
				GCC_WARN_UNINITIALIZED_AUTOS = YES_AGGRESSIVE;
				GCC_WARN_UNUSED_FUNCTION = YES;
				GCC_WARN_UNUSED_VARIABLE = YES;
				IPHONEOS_DEPLOYMENT_TARGET = 8.0;
				MTL_ENABLE_DEBUG_INFO = NO;
				SDKROOT = iphoneos;
				TARGETED_DEVICE_FAMILY = "1,2";
				VALIDATE_PRODUCT = YES;
			};
			name = Release;
		};
		785B11CA19E659890083708F /* Debug */ = {
			isa = XCBuildConfiguration;
			buildSettings = {
				ASSETCATALOG_COMPILER_APPICON_NAME = AppIcon;
				CLANG_ENABLE_MODULES = YES;
				FRAMEWORK_SEARCH_PATHS = (
					"$(inherited)",
					"$(PROJECT_DIR)/hellomap3d-ios-swift",
					"$(PROJECT_DIR)",
				);
				INFOPLIST_FILE = "hellomap3d-ios-swift/Info.plist";
				LD_RUNPATH_SEARCH_PATHS = "$(inherited) @executable_path/Frameworks";
				OTHER_LDFLAGS = "\"-lc++\"";
				PRODUCT_NAME = "$(TARGET_NAME)";
				SWIFT_OBJC_BRIDGING_HEADER = "hellomap3d-ios-swift-Bridging-Header.h";
				SWIFT_OPTIMIZATION_LEVEL = "-Onone";
			};
			name = Debug;
		};
		785B11CB19E659890083708F /* Release */ = {
			isa = XCBuildConfiguration;
			buildSettings = {
				ASSETCATALOG_COMPILER_APPICON_NAME = AppIcon;
				CLANG_ENABLE_MODULES = YES;
				FRAMEWORK_SEARCH_PATHS = (
					"$(inherited)",
					"$(PROJECT_DIR)/hellomap3d-ios-swift",
					"$(PROJECT_DIR)",
				);
				INFOPLIST_FILE = "hellomap3d-ios-swift/Info.plist";
				LD_RUNPATH_SEARCH_PATHS = "$(inherited) @executable_path/Frameworks";
				OTHER_LDFLAGS = "\"-lc++\"";
				PRODUCT_NAME = "$(TARGET_NAME)";
				SWIFT_OBJC_BRIDGING_HEADER = "hellomap3d-ios-swift-Bridging-Header.h";
			};
			name = Release;
		};
/* End XCBuildConfiguration section */

/* Begin XCConfigurationList section */
		785B11A519E659890083708F /* Build configuration list for PBXProject "hellomap3d-ios-swift" */ = {
			isa = XCConfigurationList;
			buildConfigurations = (
				785B11C719E659890083708F /* Debug */,
				785B11C819E659890083708F /* Release */,
			);
			defaultConfigurationIsVisible = 0;
			defaultConfigurationName = Release;
		};
		785B11C919E659890083708F /* Build configuration list for PBXNativeTarget "hellomap3d-ios-swift" */ = {
			isa = XCConfigurationList;
			buildConfigurations = (
				785B11CA19E659890083708F /* Debug */,
				785B11CB19E659890083708F /* Release */,
			);
			defaultConfigurationIsVisible = 0;
		};
/* End XCConfigurationList section */
	};
	rootObject = 785B11A219E659890083708F /* Project object */;
}
